// !$*UTF8*$!
{
	archiveVersion = 1;
	classes = {
	};
	objectVersion = 48;
	objects = {

/* Begin PBXBuildFile section */
		821FE77C2013516700F34189 /* AppDelegate.swift in Sources */ = {isa = PBXBuildFile; fileRef = 821FE77B2013516700F34189 /* AppDelegate.swift */; };
		821FE7812013516700F34189 /* Main.storyboard in Resources */ = {isa = PBXBuildFile; fileRef = 821FE77F2013516700F34189 /* Main.storyboard */; };
		821FE7832013516700F34189 /* Assets.xcassets in Resources */ = {isa = PBXBuildFile; fileRef = 821FE7822013516700F34189 /* Assets.xcassets */; };
		821FE7862013516700F34189 /* LaunchScreen.storyboard in Resources */ = {isa = PBXBuildFile; fileRef = 821FE7842013516700F34189 /* LaunchScreen.storyboard */; };
		821FE791201352AC00F34189 /* LoginVC.swift in Sources */ = {isa = PBXBuildFile; fileRef = 821FE790201352AC00F34189 /* LoginVC.swift */; };
		821FE7942013538C00F34189 /* Roboto-Light.ttf in Resources */ = {isa = PBXBuildFile; fileRef = 821FE7932013538C00F34189 /* Roboto-Light.ttf */; };
		821FE7962013539500F34189 /* Roboto-Medium.ttf in Resources */ = {isa = PBXBuildFile; fileRef = 821FE7952013539500F34189 /* Roboto-Medium.ttf */; };
		821FE7982013577200F34189 /* CustomButton.swift in Sources */ = {isa = PBXBuildFile; fileRef = 821FE7972013577200F34189 /* CustomButton.swift */; };
		821FE79A20135A2200F34189 /* RoundedView.swift in Sources */ = {isa = PBXBuildFile; fileRef = 821FE79920135A2200F34189 /* RoundedView.swift */; };
		821FE79C20135B4E00F34189 /* CustomTextField.swift in Sources */ = {isa = PBXBuildFile; fileRef = 821FE79B20135B4E00F34189 /* CustomTextField.swift */; };
		821FE79E2013613E00F34189 /* GoogleService-Info.plist in Resources */ = {isa = PBXBuildFile; fileRef = 821FE79D2013613E00F34189 /* GoogleService-Info.plist */; };
		821FE7A1201364E800F34189 /* DataService.swift in Sources */ = {isa = PBXBuildFile; fileRef = 821FE7A0201364E800F34189 /* DataService.swift */; };
		821FE7A320136E2D00F34189 /* SignUpVC.swift in Sources */ = {isa = PBXBuildFile; fileRef = 821FE7A220136E2D00F34189 /* SignUpVC.swift */; };
		82E923AC201413F10099DA6D /* AuthService.swift in Sources */ = {isa = PBXBuildFile; fileRef = 82E923AB201413F10099DA6D /* AuthService.swift */; };
		82E923AE201432170099DA6D /* Roboto-Bold.ttf in Resources */ = {isa = PBXBuildFile; fileRef = 82E923AD201432170099DA6D /* Roboto-Bold.ttf */; };
		82E923B0201433B20099DA6D /* ForgotPasswordVC.swift in Sources */ = {isa = PBXBuildFile; fileRef = 82E923AF201433B20099DA6D /* ForgotPasswordVC.swift */; };
		82E923B220144B530099DA6D /* WalkthroughVC.swift in Sources */ = {isa = PBXBuildFile; fileRef = 82E923B120144B530099DA6D /* WalkthroughVC.swift */; };
		82E923B420144B700099DA6D /* SpotsListVC.swift in Sources */ = {isa = PBXBuildFile; fileRef = 82E923B320144B700099DA6D /* SpotsListVC.swift */; };
		82E923B620145E700099DA6D /* WalkthroughView.xib in Resources */ = {isa = PBXBuildFile; fileRef = 82E923B520145E700099DA6D /* WalkthroughView.xib */; };
		82E923B820145EB20099DA6D /* WalkthroughView.swift in Sources */ = {isa = PBXBuildFile; fileRef = 82E923B720145EB20099DA6D /* WalkthroughView.swift */; };
		E2220B0840CCCA1D2E4BE5AA /* Pods_SpotMark.framework in Frameworks */ = {isa = PBXBuildFile; fileRef = 9D33B2CEAE98A415377AE734 /* Pods_SpotMark.framework */; };
/* End PBXBuildFile section */

/* Begin PBXFileReference section */
		2C4361379CB7B0F13882E048 /* Pods-SpotMark.debug.xcconfig */ = {isa = PBXFileReference; includeInIndex = 1; lastKnownFileType = text.xcconfig; name = "Pods-SpotMark.debug.xcconfig"; path = "Pods/Target Support Files/Pods-SpotMark/Pods-SpotMark.debug.xcconfig"; sourceTree = "<group>"; };
		821FE7782013516700F34189 /* SpotMark.app */ = {isa = PBXFileReference; explicitFileType = wrapper.application; includeInIndex = 0; path = SpotMark.app; sourceTree = BUILT_PRODUCTS_DIR; };
		821FE77B2013516700F34189 /* AppDelegate.swift */ = {isa = PBXFileReference; lastKnownFileType = sourcecode.swift; path = AppDelegate.swift; sourceTree = "<group>"; };
		821FE7802013516700F34189 /* Base */ = {isa = PBXFileReference; lastKnownFileType = file.storyboard; name = Base; path = Base.lproj/Main.storyboard; sourceTree = "<group>"; };
		821FE7822013516700F34189 /* Assets.xcassets */ = {isa = PBXFileReference; lastKnownFileType = folder.assetcatalog; path = Assets.xcassets; sourceTree = "<group>"; };
		821FE7852013516700F34189 /* Base */ = {isa = PBXFileReference; lastKnownFileType = file.storyboard; name = Base; path = Base.lproj/LaunchScreen.storyboard; sourceTree = "<group>"; };
		821FE7872013516700F34189 /* Info.plist */ = {isa = PBXFileReference; lastKnownFileType = text.plist.xml; path = Info.plist; sourceTree = "<group>"; };
		821FE790201352AC00F34189 /* LoginVC.swift */ = {isa = PBXFileReference; lastKnownFileType = sourcecode.swift; path = LoginVC.swift; sourceTree = "<group>"; };
		821FE7932013538C00F34189 /* Roboto-Light.ttf */ = {isa = PBXFileReference; lastKnownFileType = file; path = "Roboto-Light.ttf"; sourceTree = "<group>"; };
		821FE7952013539500F34189 /* Roboto-Medium.ttf */ = {isa = PBXFileReference; lastKnownFileType = file; path = "Roboto-Medium.ttf"; sourceTree = "<group>"; };
		821FE7972013577200F34189 /* CustomButton.swift */ = {isa = PBXFileReference; lastKnownFileType = sourcecode.swift; path = CustomButton.swift; sourceTree = "<group>"; };
		821FE79920135A2200F34189 /* RoundedView.swift */ = {isa = PBXFileReference; lastKnownFileType = sourcecode.swift; path = RoundedView.swift; sourceTree = "<group>"; };
		821FE79B20135B4E00F34189 /* CustomTextField.swift */ = {isa = PBXFileReference; lastKnownFileType = sourcecode.swift; path = CustomTextField.swift; sourceTree = "<group>"; };
		821FE79D2013613E00F34189 /* GoogleService-Info.plist */ = {isa = PBXFileReference; fileEncoding = 4; lastKnownFileType = text.plist.xml; path = "GoogleService-Info.plist"; sourceTree = "<group>"; };
		821FE7A0201364E800F34189 /* DataService.swift */ = {isa = PBXFileReference; lastKnownFileType = sourcecode.swift; path = DataService.swift; sourceTree = "<group>"; };
		821FE7A220136E2D00F34189 /* SignUpVC.swift */ = {isa = PBXFileReference; lastKnownFileType = sourcecode.swift; path = SignUpVC.swift; sourceTree = "<group>"; };
		82E923AB201413F10099DA6D /* AuthService.swift */ = {isa = PBXFileReference; lastKnownFileType = sourcecode.swift; path = AuthService.swift; sourceTree = "<group>"; };
		82E923AD201432170099DA6D /* Roboto-Bold.ttf */ = {isa = PBXFileReference; lastKnownFileType = file; path = "Roboto-Bold.ttf"; sourceTree = "<group>"; };
		82E923AF201433B20099DA6D /* ForgotPasswordVC.swift */ = {isa = PBXFileReference; lastKnownFileType = sourcecode.swift; path = ForgotPasswordVC.swift; sourceTree = "<group>"; };
		82E923B120144B530099DA6D /* WalkthroughVC.swift */ = {isa = PBXFileReference; lastKnownFileType = sourcecode.swift; path = WalkthroughVC.swift; sourceTree = "<group>"; };
		82E923B320144B700099DA6D /* SpotsListVC.swift */ = {isa = PBXFileReference; lastKnownFileType = sourcecode.swift; path = SpotsListVC.swift; sourceTree = "<group>"; };
		82E923B520145E700099DA6D /* WalkthroughView.xib */ = {isa = PBXFileReference; lastKnownFileType = file.xib; path = WalkthroughView.xib; sourceTree = "<group>"; };
		82E923B720145EB20099DA6D /* WalkthroughView.swift */ = {isa = PBXFileReference; lastKnownFileType = sourcecode.swift; path = WalkthroughView.swift; sourceTree = "<group>"; };
		9D33B2CEAE98A415377AE734 /* Pods_SpotMark.framework */ = {isa = PBXFileReference; explicitFileType = wrapper.framework; includeInIndex = 0; path = Pods_SpotMark.framework; sourceTree = BUILT_PRODUCTS_DIR; };
		B4D11F3024ADBD89F3BE2380 /* Pods-SpotMark.release.xcconfig */ = {isa = PBXFileReference; includeInIndex = 1; lastKnownFileType = text.xcconfig; name = "Pods-SpotMark.release.xcconfig"; path = "Pods/Target Support Files/Pods-SpotMark/Pods-SpotMark.release.xcconfig"; sourceTree = "<group>"; };
/* End PBXFileReference section */

/* Begin PBXFrameworksBuildPhase section */
		821FE7752013516700F34189 /* Frameworks */ = {
			isa = PBXFrameworksBuildPhase;
			buildActionMask = 2147483647;
			files = (
				E2220B0840CCCA1D2E4BE5AA /* Pods_SpotMark.framework in Frameworks */,
			);
			runOnlyForDeploymentPostprocessing = 0;
		};
/* End PBXFrameworksBuildPhase section */

/* Begin PBXGroup section */
		3B5BA06BDC0FF32C0E4DA554 /* Frameworks */ = {
			isa = PBXGroup;
			children = (
				9D33B2CEAE98A415377AE734 /* Pods_SpotMark.framework */,
			);
			name = Frameworks;
			sourceTree = "<group>";
		};
		6F6BD720E9A28503779336A7 /* Pods */ = {
			isa = PBXGroup;
			children = (
				2C4361379CB7B0F13882E048 /* Pods-SpotMark.debug.xcconfig */,
				B4D11F3024ADBD89F3BE2380 /* Pods-SpotMark.release.xcconfig */,
			);
			name = Pods;
			sourceTree = "<group>";
		};
		821FE76F2013516700F34189 = {
			isa = PBXGroup;
			children = (
				821FE77A2013516700F34189 /* SpotMark */,
				821FE7792013516700F34189 /* Products */,
				6F6BD720E9A28503779336A7 /* Pods */,
				3B5BA06BDC0FF32C0E4DA554 /* Frameworks */,
			);
			sourceTree = "<group>";
		};
		821FE7792013516700F34189 /* Products */ = {
			isa = PBXGroup;
			children = (
				821FE7782013516700F34189 /* SpotMark.app */,
			);
			name = Products;
			sourceTree = "<group>";
		};
		821FE77A2013516700F34189 /* SpotMark */ = {
			isa = PBXGroup;
			children = (
				821FE79F201364DB00F34189 /* Services */,
				821FE7922013536400F34189 /* Fonts */,
				821FE78F2013529000F34189 /* Controller */,
				821FE78E2013528C00F34189 /* View */,
				821FE78D2013528500F34189 /* Model */,
				821FE77B2013516700F34189 /* AppDelegate.swift */,
				82E923B520145E700099DA6D /* WalkthroughView.xib */,
				821FE77F2013516700F34189 /* Main.storyboard */,
				821FE7822013516700F34189 /* Assets.xcassets */,
				821FE7842013516700F34189 /* LaunchScreen.storyboard */,
				821FE7872013516700F34189 /* Info.plist */,
				821FE79D2013613E00F34189 /* GoogleService-Info.plist */,
			);
			path = SpotMark;
			sourceTree = "<group>";
		};
		821FE78D2013528500F34189 /* Model */ = {
			isa = PBXGroup;
			children = (
			);
			path = Model;
			sourceTree = "<group>";
		};
		821FE78E2013528C00F34189 /* View */ = {
			isa = PBXGroup;
			children = (
				821FE7972013577200F34189 /* CustomButton.swift */,
				821FE79920135A2200F34189 /* RoundedView.swift */,
				821FE79B20135B4E00F34189 /* CustomTextField.swift */,
				82E923B720145EB20099DA6D /* WalkthroughView.swift */,
			);
			path = View;
			sourceTree = "<group>";
		};
		821FE78F2013529000F34189 /* Controller */ = {
			isa = PBXGroup;
			children = (
				821FE790201352AC00F34189 /* LoginVC.swift */,
				821FE7A220136E2D00F34189 /* SignUpVC.swift */,
				82E923AF201433B20099DA6D /* ForgotPasswordVC.swift */,
				82E923B120144B530099DA6D /* WalkthroughVC.swift */,
				82E923B320144B700099DA6D /* SpotsListVC.swift */,
			);
			path = Controller;
			sourceTree = "<group>";
		};
		821FE7922013536400F34189 /* Fonts */ = {
			isa = PBXGroup;
			children = (
				82E923AD201432170099DA6D /* Roboto-Bold.ttf */,
				821FE7952013539500F34189 /* Roboto-Medium.ttf */,
				821FE7932013538C00F34189 /* Roboto-Light.ttf */,
			);
			path = Fonts;
			sourceTree = "<group>";
		};
		821FE79F201364DB00F34189 /* Services */ = {
			isa = PBXGroup;
			children = (
				821FE7A0201364E800F34189 /* DataService.swift */,
				82E923AB201413F10099DA6D /* AuthService.swift */,
			);
			path = Services;
			sourceTree = "<group>";
		};
/* End PBXGroup section */

/* Begin PBXNativeTarget section */
		821FE7772013516700F34189 /* SpotMark */ = {
			isa = PBXNativeTarget;
			buildConfigurationList = 821FE78A2013516700F34189 /* Build configuration list for PBXNativeTarget "SpotMark" */;
			buildPhases = (
				E04BBE71D9205C635EF6166A /* [CP] Check Pods Manifest.lock */,
				821FE7742013516700F34189 /* Sources */,
				821FE7752013516700F34189 /* Frameworks */,
				821FE7762013516700F34189 /* Resources */,
				2B2472836B6DB149F13C1F1D /* [CP] Embed Pods Frameworks */,
				C2DEED343FA76347C38CA05B /* [CP] Copy Pods Resources */,
			);
			buildRules = (
			);
			dependencies = (
			);
			name = SpotMark;
			productName = SpotMark;
			productReference = 821FE7782013516700F34189 /* SpotMark.app */;
			productType = "com.apple.product-type.application";
		};
/* End PBXNativeTarget section */

/* Begin PBXProject section */
		821FE7702013516700F34189 /* Project object */ = {
			isa = PBXProject;
			attributes = {
				LastSwiftUpdateCheck = 0920;
				LastUpgradeCheck = 0920;
				ORGANIZATIONNAME = "Ludovic Saussinan";
				TargetAttributes = {
					821FE7772013516700F34189 = {
						CreatedOnToolsVersion = 9.2;
						ProvisioningStyle = Automatic;
					};
				};
			};
			buildConfigurationList = 821FE7732013516700F34189 /* Build configuration list for PBXProject "SpotMark" */;
			compatibilityVersion = "Xcode 8.0";
			developmentRegion = en;
			hasScannedForEncodings = 0;
			knownRegions = (
				en,
				Base,
			);
			mainGroup = 821FE76F2013516700F34189;
			productRefGroup = 821FE7792013516700F34189 /* Products */;
			projectDirPath = "";
			projectRoot = "";
			targets = (
				821FE7772013516700F34189 /* SpotMark */,
			);
		};
/* End PBXProject section */

/* Begin PBXResourcesBuildPhase section */
		821FE7762013516700F34189 /* Resources */ = {
			isa = PBXResourcesBuildPhase;
			buildActionMask = 2147483647;
			files = (
				82E923AE201432170099DA6D /* Roboto-Bold.ttf in Resources */,
				821FE7962013539500F34189 /* Roboto-Medium.ttf in Resources */,
				821FE7862013516700F34189 /* LaunchScreen.storyboard in Resources */,
				821FE7832013516700F34189 /* Assets.xcassets in Resources */,
				821FE7942013538C00F34189 /* Roboto-Light.ttf in Resources */,
				821FE7812013516700F34189 /* Main.storyboard in Resources */,
				821FE79E2013613E00F34189 /* GoogleService-Info.plist in Resources */,
				82E923B620145E700099DA6D /* WalkthroughView.xib in Resources */,
			);
			runOnlyForDeploymentPostprocessing = 0;
		};
/* End PBXResourcesBuildPhase section */

/* Begin PBXShellScriptBuildPhase section */
		2B2472836B6DB149F13C1F1D /* [CP] Embed Pods Frameworks */ = {
			isa = PBXShellScriptBuildPhase;
			buildActionMask = 2147483647;
			files = (
			);
			inputPaths = (
				"${SRCROOT}/Pods/Target Support Files/Pods-SpotMark/Pods-SpotMark-frameworks.sh",
				"${BUILT_PRODUCTS_DIR}/GTMSessionFetcher/GTMSessionFetcher.framework",
				"${BUILT_PRODUCTS_DIR}/GoogleToolboxForMac/GoogleToolboxForMac.framework",
				"${BUILT_PRODUCTS_DIR}/leveldb-library/leveldb.framework",
				"${BUILT_PRODUCTS_DIR}/nanopb/nanopb.framework",
			);
			name = "[CP] Embed Pods Frameworks";
			outputPaths = (
				"${TARGET_BUILD_DIR}/${FRAMEWORKS_FOLDER_PATH}/GTMSessionFetcher.framework",
				"${TARGET_BUILD_DIR}/${FRAMEWORKS_FOLDER_PATH}/GoogleToolboxForMac.framework",
				"${TARGET_BUILD_DIR}/${FRAMEWORKS_FOLDER_PATH}/leveldb.framework",
				"${TARGET_BUILD_DIR}/${FRAMEWORKS_FOLDER_PATH}/nanopb.framework",
			);
			runOnlyForDeploymentPostprocessing = 0;
			shellPath = /bin/sh;
			shellScript = "\"${SRCROOT}/Pods/Target Support Files/Pods-SpotMark/Pods-SpotMark-frameworks.sh\"\n";
			showEnvVarsInLog = 0;
		};
		C2DEED343FA76347C38CA05B /* [CP] Copy Pods Resources */ = {
			isa = PBXShellScriptBuildPhase;
			buildActionMask = 2147483647;
			files = (
			);
			inputPaths = (
			);
			name = "[CP] Copy Pods Resources";
			outputPaths = (
			);
			runOnlyForDeploymentPostprocessing = 0;
			shellPath = /bin/sh;
			shellScript = "\"${SRCROOT}/Pods/Target Support Files/Pods-SpotMark/Pods-SpotMark-resources.sh\"\n";
			showEnvVarsInLog = 0;
		};
		E04BBE71D9205C635EF6166A /* [CP] Check Pods Manifest.lock */ = {
			isa = PBXShellScriptBuildPhase;
			buildActionMask = 2147483647;
			files = (
			);
			inputPaths = (
				"${PODS_PODFILE_DIR_PATH}/Podfile.lock",
				"${PODS_ROOT}/Manifest.lock",
			);
			name = "[CP] Check Pods Manifest.lock";
			outputPaths = (
				"$(DERIVED_FILE_DIR)/Pods-SpotMark-checkManifestLockResult.txt",
			);
			runOnlyForDeploymentPostprocessing = 0;
			shellPath = /bin/sh;
			shellScript = "diff \"${PODS_PODFILE_DIR_PATH}/Podfile.lock\" \"${PODS_ROOT}/Manifest.lock\" > /dev/null\nif [ $? != 0 ] ; then\n    # print error to STDERR\n    echo \"error: The sandbox is not in sync with the Podfile.lock. Run 'pod install' or update your CocoaPods installation.\" >&2\n    exit 1\nfi\n# This output is used by Xcode 'outputs' to avoid re-running this script phase.\necho \"SUCCESS\" > \"${SCRIPT_OUTPUT_FILE_0}\"\n";
			showEnvVarsInLog = 0;
		};
/* End PBXShellScriptBuildPhase section */

/* Begin PBXSourcesBuildPhase section */
		821FE7742013516700F34189 /* Sources */ = {
			isa = PBXSourcesBuildPhase;
			buildActionMask = 2147483647;
			files = (
				821FE7A320136E2D00F34189 /* SignUpVC.swift in Sources */,
				821FE79A20135A2200F34189 /* RoundedView.swift in Sources */,
				821FE791201352AC00F34189 /* LoginVC.swift in Sources */,
				821FE77C2013516700F34189 /* AppDelegate.swift in Sources */,
				821FE7A1201364E800F34189 /* DataService.swift in Sources */,
				82E923B0201433B20099DA6D /* ForgotPasswordVC.swift in Sources */,
				821FE7982013577200F34189 /* CustomButton.swift in Sources */,
				821FE79C20135B4E00F34189 /* CustomTextField.swift in Sources */,
				82E923AC201413F10099DA6D /* AuthService.swift in Sources */,
				82E923B220144B530099DA6D /* WalkthroughVC.swift in Sources */,
				82E923B420144B700099DA6D /* SpotsListVC.swift in Sources */,
				82E923B820145EB20099DA6D /* WalkthroughView.swift in Sources */,
			);
			runOnlyForDeploymentPostprocessing = 0;
		};
/* End PBXSourcesBuildPhase section */

/* Begin PBXVariantGroup section */
		821FE77F2013516700F34189 /* Main.storyboard */ = {
			isa = PBXVariantGroup;
			children = (
				821FE7802013516700F34189 /* Base */,
			);
			name = Main.storyboard;
			sourceTree = "<group>";
		};
		821FE7842013516700F34189 /* LaunchScreen.storyboard */ = {
			isa = PBXVariantGroup;
			children = (
				821FE7852013516700F34189 /* Base */,
			);
			name = LaunchScreen.storyboard;
			sourceTree = "<group>";
		};
/* End PBXVariantGroup section */

/* Begin XCBuildConfiguration section */
		821FE7882013516700F34189 /* Debug */ = {
			isa = XCBuildConfiguration;
			buildSettings = {
				ALWAYS_SEARCH_USER_PATHS = NO;
				CLANG_ANALYZER_NONNULL = YES;
				CLANG_ANALYZER_NUMBER_OBJECT_CONVERSION = YES_AGGRESSIVE;
				CLANG_CXX_LANGUAGE_STANDARD = "gnu++14";
				CLANG_CXX_LIBRARY = "libc++";
				CLANG_ENABLE_MODULES = YES;
				CLANG_ENABLE_OBJC_ARC = YES;
				CLANG_WARN_BLOCK_CAPTURE_AUTORELEASING = YES;
				CLANG_WARN_BOOL_CONVERSION = YES;
				CLANG_WARN_COMMA = YES;
				CLANG_WARN_CONSTANT_CONVERSION = YES;
				CLANG_WARN_DIRECT_OBJC_ISA_USAGE = YES_ERROR;
				CLANG_WARN_DOCUMENTATION_COMMENTS = YES;
				CLANG_WARN_EMPTY_BODY = YES;
				CLANG_WARN_ENUM_CONVERSION = YES;
				CLANG_WARN_INFINITE_RECURSION = YES;
				CLANG_WARN_INT_CONVERSION = YES;
				CLANG_WARN_NON_LITERAL_NULL_CONVERSION = YES;
				CLANG_WARN_OBJC_LITERAL_CONVERSION = YES;
				CLANG_WARN_OBJC_ROOT_CLASS = YES_ERROR;
				CLANG_WARN_RANGE_LOOP_ANALYSIS = YES;
				CLANG_WARN_STRICT_PROTOTYPES = YES;
				CLANG_WARN_SUSPICIOUS_MOVE = YES;
				CLANG_WARN_UNGUARDED_AVAILABILITY = YES_AGGRESSIVE;
				CLANG_WARN_UNREACHABLE_CODE = YES;
				CLANG_WARN__DUPLICATE_METHOD_MATCH = YES;
				CODE_SIGN_IDENTITY = "iPhone Developer";
				COPY_PHASE_STRIP = NO;
				DEBUG_INFORMATION_FORMAT = dwarf;
				ENABLE_STRICT_OBJC_MSGSEND = YES;
				ENABLE_TESTABILITY = YES;
				GCC_C_LANGUAGE_STANDARD = gnu11;
				GCC_DYNAMIC_NO_PIC = NO;
				GCC_NO_COMMON_BLOCKS = YES;
				GCC_OPTIMIZATION_LEVEL = 0;
				GCC_PREPROCESSOR_DEFINITIONS = (
					"DEBUG=1",
					"$(inherited)",
				);
				GCC_WARN_64_TO_32_BIT_CONVERSION = YES;
				GCC_WARN_ABOUT_RETURN_TYPE = YES_ERROR;
				GCC_WARN_UNDECLARED_SELECTOR = YES;
				GCC_WARN_UNINITIALIZED_AUTOS = YES_AGGRESSIVE;
				GCC_WARN_UNUSED_FUNCTION = YES;
				GCC_WARN_UNUSED_VARIABLE = YES;
				IPHONEOS_DEPLOYMENT_TARGET = 11.2;
				MTL_ENABLE_DEBUG_INFO = YES;
				ONLY_ACTIVE_ARCH = YES;
				SDKROOT = iphoneos;
				SWIFT_ACTIVE_COMPILATION_CONDITIONS = DEBUG;
				SWIFT_OPTIMIZATION_LEVEL = "-Onone";
			};
			name = Debug;
		};
		821FE7892013516700F34189 /* Release */ = {
			isa = XCBuildConfiguration;
			buildSettings = {
				ALWAYS_SEARCH_USER_PATHS = NO;
				CLANG_ANALYZER_NONNULL = YES;
				CLANG_ANALYZER_NUMBER_OBJECT_CONVERSION = YES_AGGRESSIVE;
				CLANG_CXX_LANGUAGE_STANDARD = "gnu++14";
				CLANG_CXX_LIBRARY = "libc++";
				CLANG_ENABLE_MODULES = YES;
				CLANG_ENABLE_OBJC_ARC = YES;
				CLANG_WARN_BLOCK_CAPTURE_AUTORELEASING = YES;
				CLANG_WARN_BOOL_CONVERSION = YES;
				CLANG_WARN_COMMA = YES;
				CLANG_WARN_CONSTANT_CONVERSION = YES;
				CLANG_WARN_DIRECT_OBJC_ISA_USAGE = YES_ERROR;
				CLANG_WARN_DOCUMENTATION_COMMENTS = YES;
				CLANG_WARN_EMPTY_BODY = YES;
				CLANG_WARN_ENUM_CONVERSION = YES;
				CLANG_WARN_INFINITE_RECURSION = YES;
				CLANG_WARN_INT_CONVERSION = YES;
				CLANG_WARN_NON_LITERAL_NULL_CONVERSION = YES;
				CLANG_WARN_OBJC_LITERAL_CONVERSION = YES;
				CLANG_WARN_OBJC_ROOT_CLASS = YES_ERROR;
				CLANG_WARN_RANGE_LOOP_ANALYSIS = YES;
				CLANG_WARN_STRICT_PROTOTYPES = YES;
				CLANG_WARN_SUSPICIOUS_MOVE = YES;
				CLANG_WARN_UNGUARDED_AVAILABILITY = YES_AGGRESSIVE;
				CLANG_WARN_UNREACHABLE_CODE = YES;
				CLANG_WARN__DUPLICATE_METHOD_MATCH = YES;
				CODE_SIGN_IDENTITY = "iPhone Developer";
				COPY_PHASE_STRIP = NO;
				DEBUG_INFORMATION_FORMAT = "dwarf-with-dsym";
				ENABLE_NS_ASSERTIONS = NO;
				ENABLE_STRICT_OBJC_MSGSEND = YES;
				GCC_C_LANGUAGE_STANDARD = gnu11;
				GCC_NO_COMMON_BLOCKS = YES;
				GCC_WARN_64_TO_32_BIT_CONVERSION = YES;
				GCC_WARN_ABOUT_RETURN_TYPE = YES_ERROR;
				GCC_WARN_UNDECLARED_SELECTOR = YES;
				GCC_WARN_UNINITIALIZED_AUTOS = YES_AGGRESSIVE;
				GCC_WARN_UNUSED_FUNCTION = YES;
				GCC_WARN_UNUSED_VARIABLE = YES;
				IPHONEOS_DEPLOYMENT_TARGET = 11.2;
				MTL_ENABLE_DEBUG_INFO = NO;
				SDKROOT = iphoneos;
				SWIFT_OPTIMIZATION_LEVEL = "-Owholemodule";
				VALIDATE_PRODUCT = YES;
			};
			name = Release;
		};
		821FE78B2013516700F34189 /* Debug */ = {
			isa = XCBuildConfiguration;
			baseConfigurationReference = 2C4361379CB7B0F13882E048 /* Pods-SpotMark.debug.xcconfig */;
			buildSettings = {
				ASSETCATALOG_COMPILER_APPICON_NAME = AppIcon;
				CODE_SIGN_STYLE = Automatic;
				DEVELOPMENT_TEAM = QWSV26QYZU;
				INFOPLIST_FILE = SpotMark/Info.plist;
				LD_RUNPATH_SEARCH_PATHS = "$(inherited) @executable_path/Frameworks";
				PRODUCT_BUNDLE_IDENTIFIER = com.ludovicsaussinan.SpotMark;
				PRODUCT_NAME = "$(TARGET_NAME)";
				SWIFT_VERSION = 4.0;
				TARGETED_DEVICE_FAMILY = "1,2";
			};
			name = Debug;
		};
		821FE78C2013516700F34189 /* Release */ = {
			isa = XCBuildConfiguration;
			baseConfigurationReference = B4D11F3024ADBD89F3BE2380 /* Pods-SpotMark.release.xcconfig */;
			buildSettings = {
				ASSETCATALOG_COMPILER_APPICON_NAME = AppIcon;
				CODE_SIGN_STYLE = Automatic;
				DEVELOPMENT_TEAM = QWSV26QYZU;
				INFOPLIST_FILE = SpotMark/Info.plist;
				LD_RUNPATH_SEARCH_PATHS = "$(inherited) @executable_path/Frameworks";
				PRODUCT_BUNDLE_IDENTIFIER = com.ludovicsaussinan.SpotMark;
				PRODUCT_NAME = "$(TARGET_NAME)";
				SWIFT_VERSION = 4.0;
				TARGETED_DEVICE_FAMILY = "1,2";
			};
			name = Release;
		};
/* End XCBuildConfiguration section */

/* Begin XCConfigurationList section */
		821FE7732013516700F34189 /* Build configuration list for PBXProject "SpotMark" */ = {
			isa = XCConfigurationList;
			buildConfigurations = (
				821FE7882013516700F34189 /* Debug */,
				821FE7892013516700F34189 /* Release */,
			);
			defaultConfigurationIsVisible = 0;
			defaultConfigurationName = Release;
		};
		821FE78A2013516700F34189 /* Build configuration list for PBXNativeTarget "SpotMark" */ = {
			isa = XCConfigurationList;
			buildConfigurations = (
				821FE78B2013516700F34189 /* Debug */,
				821FE78C2013516700F34189 /* Release */,
			);
			defaultConfigurationIsVisible = 0;
			defaultConfigurationName = Release;
		};
/* End XCConfigurationList section */
	};
	rootObject = 821FE7702013516700F34189 /* Project object */;
}
